
Microsoft Visual Studio Solution File, Format Version 12.00
# Visual Studio Version 17
VisualStudioVersion = 17.14.36603.0 d17.14
MinimumVisualStudioVersion = 10.0.40219.1
Project("{FAE04EC0-301F-11D3-BF4B-00C04F79EFBC}") = "Labb3", "Labb3.csproj", "{AF43154F-E73F-4E48-A5BF-E335AD56EAD6}"
EndProject
Global
	GlobalSection(SolutionConfigurationPlatforms) = preSolution
		Debug|Any CPU = Debug|Any CPU
		Release|Any CPU = Release|Any CPU
	EndGlobalSection
	GlobalSection(ProjectConfigurationPlatforms) = postSolution
		{AF43154F-E73F-4E48-A5BF-E335AD56EAD6}.Debug|Any CPU.ActiveCfg = Debug|Any CPU
		{AF43154F-E73F-4E48-A5BF-E335AD56EAD6}.Debug|Any CPU.Build.0 = Debug|Any CPU
		{AF43154F-E73F-4E48-A5BF-E335AD56EAD6}.Release|Any CPU.ActiveCfg = Release|Any CPU
		{AF43154F-E73F-4E48-A5BF-E335AD56EAD6}.Release|Any CPU.Build.0 = Release|Any CPU
	EndGlobalSection
	GlobalSection(SolutionProperties) = preSolution
		HideSolutionNode = FALSE
	EndGlobalSection
	GlobalSection(ExtensibilityGlobals) = postSolution
		SolutionGuid = {919EB0CF-843D-49BE-9289-4FB2BBE5E955}
	EndGlobalSection
EndGlobal
